
Microsoft Visual Studio Solution File, Format Version 12.00
# Visual Studio Version 17
VisualStudioVersion = 17.6.33801.468
MinimumVisualStudioVersion = 10.0.40219.1
Project("{FAE04EC0-301F-11D3-BF4B-00C04F79EFBC}") = "ArrayNumeriInteri", "ArrayNumeriInteri\ArrayNumeriInteri.csproj", "{33704E0E-EAC3-40AE-9CDE-9F28AD6FE5AB}"
EndProject
Project("{FAE04EC0-301F-11D3-BF4B-00C04F79EFBC}") = "ArrayString", "ArrayString\ArrayString.csproj", "{74F18B36-542A-49B4-A2EF-A100FA003994}"
EndProject
Project("{FAE04EC0-301F-11D3-BF4B-00C04F79EFBC}") = "ArrayCasuali", "ArrayCasuali\ArrayCasuali.csproj", "{1AE1C045-08D9-42CC-B24C-74F2CCB29CEA}"
EndProject
Global
	GlobalSection(SolutionConfigurationPlatforms) = preSolution
		Debug|Any CPU = Debug|Any CPU
		Release|Any CPU = Release|Any CPU
	EndGlobalSection
	GlobalSection(ProjectConfigurationPlatforms) = postSolution
		{33704E0E-EAC3-40AE-9CDE-9F28AD6FE5AB}.Debug|Any CPU.ActiveCfg = Debug|Any CPU
		{33704E0E-EAC3-40AE-9CDE-9F28AD6FE5AB}.Debug|Any CPU.Build.0 = Debug|Any CPU
		{33704E0E-EAC3-40AE-9CDE-9F28AD6FE5AB}.Release|Any CPU.ActiveCfg = Release|Any CPU
		{33704E0E-EAC3-40AE-9CDE-9F28AD6FE5AB}.Release|Any CPU.Build.0 = Release|Any CPU
		{74F18B36-542A-49B4-A2EF-A100FA003994}.Debug|Any CPU.ActiveCfg = Debug|Any CPU
		{74F18B36-542A-49B4-A2EF-A100FA003994}.Debug|Any CPU.Build.0 = Debug|Any CPU
		{74F18B36-542A-49B4-A2EF-A100FA003994}.Release|Any CPU.ActiveCfg = Release|Any CPU
		{74F18B36-542A-49B4-A2EF-A100FA003994}.Release|Any CPU.Build.0 = Release|Any CPU
		{1AE1C045-08D9-42CC-B24C-74F2CCB29CEA}.Debug|Any CPU.ActiveCfg = Debug|Any CPU
		{1AE1C045-08D9-42CC-B24C-74F2CCB29CEA}.Debug|Any CPU.Build.0 = Debug|Any CPU
		{1AE1C045-08D9-42CC-B24C-74F2CCB29CEA}.Release|Any CPU.ActiveCfg = Release|Any CPU
		{1AE1C045-08D9-42CC-B24C-74F2CCB29CEA}.Release|Any CPU.Build.0 = Release|Any CPU
	EndGlobalSection
	GlobalSection(SolutionProperties) = preSolution
		HideSolutionNode = FALSE
	EndGlobalSection
	GlobalSection(ExtensibilityGlobals) = postSolution
		SolutionGuid = {777103E5-D59F-45C2-8670-5AEA1CF49C59}
	EndGlobalSection
EndGlobal
