
Microsoft Visual Studio Solution File, Format Version 12.00
# Visual Studio Version 17
VisualStudioVersion = 17.11.35222.181
MinimumVisualStudioVersion = 10.0.40219.1
Project("{FAE04EC0-301F-11D3-BF4B-00C04F79EFBC}") = "VideoTeca", "VideoTeca\VideoTeca.csproj", "{8B03DD5F-C95B-4F25-B8A2-CB9E4781AF19}"
EndProject
Global
	GlobalSection(SolutionConfigurationPlatforms) = preSolution
		Debug|Any CPU = Debug|Any CPU
		Release|Any CPU = Release|Any CPU
	EndGlobalSection
	GlobalSection(ProjectConfigurationPlatforms) = postSolution
		{8B03DD5F-C95B-4F25-B8A2-CB9E4781AF19}.Debug|Any CPU.ActiveCfg = Debug|Any CPU
		{8B03DD5F-C95B-4F25-B8A2-CB9E4781AF19}.Debug|Any CPU.Build.0 = Debug|Any CPU
		{8B03DD5F-C95B-4F25-B8A2-CB9E4781AF19}.Release|Any CPU.ActiveCfg = Release|Any CPU
		{8B03DD5F-C95B-4F25-B8A2-CB9E4781AF19}.Release|Any CPU.Build.0 = Release|Any CPU
	EndGlobalSection
	GlobalSection(SolutionProperties) = preSolution
		HideSolutionNode = FALSE
	EndGlobalSection
	GlobalSection(ExtensibilityGlobals) = postSolution
		SolutionGuid = {D35DFE20-D56C-478A-BD67-91E3C2E574E8}
	EndGlobalSection
EndGlobal
