
Microsoft Visual Studio Solution File, Format Version 12.00
# Visual Studio Version 17
VisualStudioVersion = 17.11.35222.181
MinimumVisualStudioVersion = 10.0.40219.1
Project("{FAE04EC0-301F-11D3-BF4B-00C04F79EFBC}") = "GamCollezioni", "GamCollezioni\GamCollezioni.csproj", "{7CC13130-2966-4C91-B8B2-A3A91EF1D5FF}"
EndProject
Global
	GlobalSection(SolutionConfigurationPlatforms) = preSolution
		Debug|Any CPU = Debug|Any CPU
		Release|Any CPU = Release|Any CPU
	EndGlobalSection
	GlobalSection(ProjectConfigurationPlatforms) = postSolution
		{7CC13130-2966-4C91-B8B2-A3A91EF1D5FF}.Debug|Any CPU.ActiveCfg = Debug|Any CPU
		{7CC13130-2966-4C91-B8B2-A3A91EF1D5FF}.Debug|Any CPU.Build.0 = Debug|Any CPU
		{7CC13130-2966-4C91-B8B2-A3A91EF1D5FF}.Release|Any CPU.ActiveCfg = Release|Any CPU
		{7CC13130-2966-4C91-B8B2-A3A91EF1D5FF}.Release|Any CPU.Build.0 = Release|Any CPU
	EndGlobalSection
	GlobalSection(SolutionProperties) = preSolution
		HideSolutionNode = FALSE
	EndGlobalSection
	GlobalSection(ExtensibilityGlobals) = postSolution
		SolutionGuid = {A05B8F5C-4FCD-4CCC-B162-2148A4767371}
	EndGlobalSection
EndGlobal
